
Microsoft Visual Studio Solution File, Format Version 12.00
# Visual Studio Version 17
VisualStudioVersion = 17.14.36212.18 d17.14
MinimumVisualStudioVersion = 10.0.40219.1
Project("{FAE04EC0-301F-11D3-BF4B-00C04F79EFBC}") = "WindowsFormsApp1", "WindowsFormsApp1\WindowsFormsApp1.csproj", "{9215784C-A339-49FF-BE33-FDD440CE1713}"
EndProject
Global
	GlobalSection(SolutionConfigurationPlatforms) = preSolution
		Debug|Any CPU = Debug|Any CPU
		Release|Any CPU = Release|Any CPU
	EndGlobalSection
	GlobalSection(ProjectConfigurationPlatforms) = postSolution
		{9215784C-A339-49FF-BE33-FDD440CE1713}.Debug|Any CPU.ActiveCfg = Debug|Any CPU
		{9215784C-A339-49FF-BE33-FDD440CE1713}.Debug|Any CPU.Build.0 = Debug|Any CPU
		{9215784C-A339-49FF-BE33-FDD440CE1713}.Release|Any CPU.ActiveCfg = Release|Any CPU
		{9215784C-A339-49FF-BE33-FDD440CE1713}.Release|Any CPU.Build.0 = Release|Any CPU
	EndGlobalSection
	GlobalSection(SolutionProperties) = preSolution
		HideSolutionNode = FALSE
	EndGlobalSection
	GlobalSection(ExtensibilityGlobals) = postSolution
		SolutionGuid = {A3185C6F-5B92-4CE1-B938-30C08AB90E0C}
	EndGlobalSection
EndGlobal
